// !$*UTF8*$!
{
	archiveVersion = 1;
	classes = {
	};
	objectVersion = 50;
	objects = {

/* Begin PBXBuildFile section */
		FD98B1E0260277F60036A8C1 /* tasks.swift in Sources */ = {isa = PBXBuildFile; fileRef = FD98B1DF260277F60036A8C1 /* tasks.swift */; };
		FD98B1E326027AD10036A8C1 /* ArrayOfTasks.swift in Sources */ = {isa = PBXBuildFile; fileRef = FD98B1E226027AD10036A8C1 /* ArrayOfTasks.swift */; };
		FD98B1EA260280C10036A8C1 /* animalIsSick.swift in Sources */ = {isa = PBXBuildFile; fileRef = FD98B1E9260280C10036A8C1 /* animalIsSick.swift */; };
		FD98B1F1260286D30036A8C1 /* inputValidation.swift in Sources */ = {isa = PBXBuildFile; fileRef = FD98B1F0260286D30036A8C1 /* inputValidation.swift */; };
		FD98B1F426028B840036A8C1 /* checkTasks.swift in Sources */ = {isa = PBXBuildFile; fileRef = FD98B1F326028B840036A8C1 /* checkTasks.swift */; };
		FD98B1F7260291760036A8C1 /* TimeChecker.swift in Sources */ = {isa = PBXBuildFile; fileRef = FD98B1F6260291760036A8C1 /* TimeChecker.swift */; };
		FDFA70F226013B980018AB79 /* main.swift in Sources */ = {isa = PBXBuildFile; fileRef = FDFA70F126013B970018AB79 /* main.swift */; };
		FDFA70FA26013D360018AB79 /* animal.swift in Sources */ = {isa = PBXBuildFile; fileRef = FDFA70F926013D360018AB79 /* animal.swift */; };
		FDFA70FE2601442D0018AB79 /* animalInZoo.swift in Sources */ = {isa = PBXBuildFile; fileRef = FDFA70FD2601442D0018AB79 /* animalInZoo.swift */; };
/* End PBXBuildFile section */

/* Begin PBXCopyFilesBuildPhase section */
		FDFA70EC26013B970018AB79 /* CopyFiles */ = {
			isa = PBXCopyFilesBuildPhase;
			buildActionMask = 2147483647;
			dstPath = /usr/share/man/man1/;
			dstSubfolderSpec = 0;
			files = (
			);
			runOnlyForDeploymentPostprocessing = 1;
		};
/* End PBXCopyFilesBuildPhase section */

/* Begin PBXFileReference section */
		FD98B1DF260277F60036A8C1 /* tasks.swift */ = {isa = PBXFileReference; lastKnownFileType = sourcecode.swift; path = tasks.swift; sourceTree = "<group>"; };
		FD98B1E226027AD10036A8C1 /* ArrayOfTasks.swift */ = {isa = PBXFileReference; lastKnownFileType = sourcecode.swift; path = ArrayOfTasks.swift; sourceTree = "<group>"; };
		FD98B1E9260280C10036A8C1 /* animalIsSick.swift */ = {isa = PBXFileReference; lastKnownFileType = sourcecode.swift; path = animalIsSick.swift; sourceTree = "<group>"; };
		FD98B1F0260286D30036A8C1 /* inputValidation.swift */ = {isa = PBXFileReference; lastKnownFileType = sourcecode.swift; path = inputValidation.swift; sourceTree = "<group>"; };
		FD98B1F326028B840036A8C1 /* checkTasks.swift */ = {isa = PBXFileReference; lastKnownFileType = sourcecode.swift; path = checkTasks.swift; sourceTree = "<group>"; };
		FD98B1F6260291760036A8C1 /* TimeChecker.swift */ = {isa = PBXFileReference; lastKnownFileType = sourcecode.swift; path = TimeChecker.swift; sourceTree = "<group>"; };
		FDFA70EE26013B970018AB79 /* janitor */ = {isa = PBXFileReference; explicitFileType = "compiled.mach-o.executable"; includeInIndex = 0; path = janitor; sourceTree = BUILT_PRODUCTS_DIR; };
		FDFA70F126013B970018AB79 /* main.swift */ = {isa = PBXFileReference; lastKnownFileType = sourcecode.swift; path = main.swift; sourceTree = "<group>"; };
		FDFA70F926013D360018AB79 /* animal.swift */ = {isa = PBXFileReference; lastKnownFileType = sourcecode.swift; path = animal.swift; sourceTree = "<group>"; };
		FDFA70FD2601442D0018AB79 /* animalInZoo.swift */ = {isa = PBXFileReference; lastKnownFileType = sourcecode.swift; path = animalInZoo.swift; sourceTree = "<group>"; };
/* End PBXFileReference section */

/* Begin PBXFrameworksBuildPhase section */
		FDFA70EB26013B970018AB79 /* Frameworks */ = {
			isa = PBXFrameworksBuildPhase;
			buildActionMask = 2147483647;
			files = (
			);
			runOnlyForDeploymentPostprocessing = 0;
		};
/* End PBXFrameworksBuildPhase section */

/* Begin PBXGroup section */
		FDFA70E526013B970018AB79 = {
			isa = PBXGroup;
			children = (
				FDFA70F026013B970018AB79 /* janitor */,
				FDFA70EF26013B970018AB79 /* Products */,
			);
			sourceTree = "<group>";
		};
		FDFA70EF26013B970018AB79 /* Products */ = {
			isa = PBXGroup;
			children = (
				FDFA70EE26013B970018AB79 /* janitor */,
			);
			name = Products;
			sourceTree = "<group>";
		};
		FDFA70F026013B970018AB79 /* janitor */ = {
			isa = PBXGroup;
			children = (
				FDFA70F126013B970018AB79 /* main.swift */,
				FDFA70F926013D360018AB79 /* animal.swift */,
				FDFA70FD2601442D0018AB79 /* animalInZoo.swift */,
				FD98B1DF260277F60036A8C1 /* tasks.swift */,
				FD98B1E226027AD10036A8C1 /* ArrayOfTasks.swift */,
				FD98B1E9260280C10036A8C1 /* animalIsSick.swift */,
				FD98B1F0260286D30036A8C1 /* inputValidation.swift */,
				FD98B1F326028B840036A8C1 /* checkTasks.swift */,
				FD98B1F6260291760036A8C1 /* TimeChecker.swift */,
			);
			path = janitor;
			sourceTree = "<group>";
		};
/* End PBXGroup section */

/* Begin PBXNativeTarget section */
		FDFA70ED26013B970018AB79 /* janitor */ = {
			isa = PBXNativeTarget;
			buildConfigurationList = FDFA70F526013B980018AB79 /* Build configuration list for PBXNativeTarget "janitor" */;
			buildPhases = (
				FDFA70EA26013B970018AB79 /* Sources */,
				FDFA70EB26013B970018AB79 /* Frameworks */,
				FDFA70EC26013B970018AB79 /* CopyFiles */,
			);
			buildRules = (
			);
			dependencies = (
			);
			name = janitor;
			productName = janitor;
			productReference = FDFA70EE26013B970018AB79 /* janitor */;
			productType = "com.apple.product-type.tool";
		};
/* End PBXNativeTarget section */

/* Begin PBXProject section */
		FDFA70E626013B970018AB79 /* Project object */ = {
			isa = PBXProject;
			attributes = {
				LastSwiftUpdateCheck = 1240;
				LastUpgradeCheck = 1240;
				TargetAttributes = {
					FDFA70ED26013B970018AB79 = {
						CreatedOnToolsVersion = 12.4;
					};
				};
			};
			buildConfigurationList = FDFA70E926013B970018AB79 /* Build configuration list for PBXProject "janitor" */;
			compatibilityVersion = "Xcode 9.3";
			developmentRegion = en;
			hasScannedForEncodings = 0;
			knownRegions = (
				en,
				Base,
			);
			mainGroup = FDFA70E526013B970018AB79;
			productRefGroup = FDFA70EF26013B970018AB79 /* Products */;
			projectDirPath = "";
			projectRoot = "";
			targets = (
				FDFA70ED26013B970018AB79 /* janitor */,
			);
		};
/* End PBXProject section */

/* Begin PBXSourcesBuildPhase section */
		FDFA70EA26013B970018AB79 /* Sources */ = {
			isa = PBXSourcesBuildPhase;
			buildActionMask = 2147483647;
			files = (
				FD98B1F1260286D30036A8C1 /* inputValidation.swift in Sources */,
				FD98B1E0260277F60036A8C1 /* tasks.swift in Sources */,
				FD98B1EA260280C10036A8C1 /* animalIsSick.swift in Sources */,
				FD98B1E326027AD10036A8C1 /* ArrayOfTasks.swift in Sources */,
				FD98B1F7260291760036A8C1 /* TimeChecker.swift in Sources */,
				FDFA70FE2601442D0018AB79 /* animalInZoo.swift in Sources */,
				FDFA70FA26013D360018AB79 /* animal.swift in Sources */,
				FDFA70F226013B980018AB79 /* main.swift in Sources */,
				FD98B1F426028B840036A8C1 /* checkTasks.swift in Sources */,
			);
			runOnlyForDeploymentPostprocessing = 0;
		};
/* End PBXSourcesBuildPhase section */

/* Begin XCBuildConfiguration section */
		FDFA70F326013B980018AB79 /* Debug */ = {
			isa = XCBuildConfiguration;
			buildSettings = {
				ALWAYS_SEARCH_USER_PATHS = NO;
				CLANG_ANALYZER_NONNULL = YES;
				CLANG_ANALYZER_NUMBER_OBJECT_CONVERSION = YES_AGGRESSIVE;
				CLANG_CXX_LANGUAGE_STANDARD = "gnu++14";
				CLANG_CXX_LIBRARY = "libc++";
				CLANG_ENABLE_MODULES = YES;
				CLANG_ENABLE_OBJC_ARC = YES;
				CLANG_ENABLE_OBJC_WEAK = YES;
				CLANG_WARN_BLOCK_CAPTURE_AUTORELEASING = YES;
				CLANG_WARN_BOOL_CONVERSION = YES;
				CLANG_WARN_COMMA = YES;
				CLANG_WARN_CONSTANT_CONVERSION = YES;
				CLANG_WARN_DEPRECATED_OBJC_IMPLEMENTATIONS = YES;
				CLANG_WARN_DIRECT_OBJC_ISA_USAGE = YES_ERROR;
				CLANG_WARN_DOCUMENTATION_COMMENTS = YES;
				CLANG_WARN_EMPTY_BODY = YES;
				CLANG_WARN_ENUM_CONVERSION = YES;
				CLANG_WARN_INFINITE_RECURSION = YES;
				CLANG_WARN_INT_CONVERSION = YES;
				CLANG_WARN_NON_LITERAL_NULL_CONVERSION = YES;
				CLANG_WARN_OBJC_IMPLICIT_RETAIN_SELF = YES;
				CLANG_WARN_OBJC_LITERAL_CONVERSION = YES;
				CLANG_WARN_OBJC_ROOT_CLASS = YES_ERROR;
				CLANG_WARN_QUOTED_INCLUDE_IN_FRAMEWORK_HEADER = YES;
				CLANG_WARN_RANGE_LOOP_ANALYSIS = YES;
				CLANG_WARN_STRICT_PROTOTYPES = YES;
				CLANG_WARN_SUSPICIOUS_MOVE = YES;
				CLANG_WARN_UNGUARDED_AVAILABILITY = YES_AGGRESSIVE;
				CLANG_WARN_UNREACHABLE_CODE = YES;
				CLANG_WARN__DUPLICATE_METHOD_MATCH = YES;
				COPY_PHASE_STRIP = NO;
				DEBUG_INFORMATION_FORMAT = dwarf;
				ENABLE_STRICT_OBJC_MSGSEND = YES;
				ENABLE_TESTABILITY = YES;
				GCC_C_LANGUAGE_STANDARD = gnu11;
				GCC_DYNAMIC_NO_PIC = NO;
				GCC_NO_COMMON_BLOCKS = YES;
				GCC_OPTIMIZATION_LEVEL = 0;
				GCC_PREPROCESSOR_DEFINITIONS = (
					"DEBUG=1",
					"$(inherited)",
				);
				GCC_WARN_64_TO_32_BIT_CONVERSION = YES;
				GCC_WARN_ABOUT_RETURN_TYPE = YES_ERROR;
				GCC_WARN_UNDECLARED_SELECTOR = YES;
				GCC_WARN_UNINITIALIZED_AUTOS = YES_AGGRESSIVE;
				GCC_WARN_UNUSED_FUNCTION = YES;
				GCC_WARN_UNUSED_VARIABLE = YES;
				MACOSX_DEPLOYMENT_TARGET = 10.15;
				MTL_ENABLE_DEBUG_INFO = INCLUDE_SOURCE;
				MTL_FAST_MATH = YES;
				ONLY_ACTIVE_ARCH = YES;
				SDKROOT = macosx;
				SWIFT_ACTIVE_COMPILATION_CONDITIONS = DEBUG;
				SWIFT_OPTIMIZATION_LEVEL = "-Onone";
			};
			name = Debug;
		};
		FDFA70F426013B980018AB79 /* Release */ = {
			isa = XCBuildConfiguration;
			buildSettings = {
				ALWAYS_SEARCH_USER_PATHS = NO;
				CLANG_ANALYZER_NONNULL = YES;
				CLANG_ANALYZER_NUMBER_OBJECT_CONVERSION = YES_AGGRESSIVE;
				CLANG_CXX_LANGUAGE_STANDARD = "gnu++14";
				CLANG_CXX_LIBRARY = "libc++";
				CLANG_ENABLE_MODULES = YES;
				CLANG_ENABLE_OBJC_ARC = YES;
				CLANG_ENABLE_OBJC_WEAK = YES;
				CLANG_WARN_BLOCK_CAPTURE_AUTORELEASING = YES;
				CLANG_WARN_BOOL_CONVERSION = YES;
				CLANG_WARN_COMMA = YES;
				CLANG_WARN_CONSTANT_CONVERSION = YES;
				CLANG_WARN_DEPRECATED_OBJC_IMPLEMENTATIONS = YES;
				CLANG_WARN_DIRECT_OBJC_ISA_USAGE = YES_ERROR;
				CLANG_WARN_DOCUMENTATION_COMMENTS = YES;
				CLANG_WARN_EMPTY_BODY = YES;
				CLANG_WARN_ENUM_CONVERSION = YES;
				CLANG_WARN_INFINITE_RECURSION = YES;
				CLANG_WARN_INT_CONVERSION = YES;
				CLANG_WARN_NON_LITERAL_NULL_CONVERSION = YES;
				CLANG_WARN_OBJC_IMPLICIT_RETAIN_SELF = YES;
				CLANG_WARN_OBJC_LITERAL_CONVERSION = YES;
				CLANG_WARN_OBJC_ROOT_CLASS = YES_ERROR;
				CLANG_WARN_QUOTED_INCLUDE_IN_FRAMEWORK_HEADER = YES;
				CLANG_WARN_RANGE_LOOP_ANALYSIS = YES;
				CLANG_WARN_STRICT_PROTOTYPES = YES;
				CLANG_WARN_SUSPICIOUS_MOVE = YES;
				CLANG_WARN_UNGUARDED_AVAILABILITY = YES_AGGRESSIVE;
				CLANG_WARN_UNREACHABLE_CODE = YES;
				CLANG_WARN__DUPLICATE_METHOD_MATCH = YES;
				COPY_PHASE_STRIP = NO;
				DEBUG_INFORMATION_FORMAT = "dwarf-with-dsym";
				ENABLE_NS_ASSERTIONS = NO;
				ENABLE_STRICT_OBJC_MSGSEND = YES;
				GCC_C_LANGUAGE_STANDARD = gnu11;
				GCC_NO_COMMON_BLOCKS = YES;
				GCC_WARN_64_TO_32_BIT_CONVERSION = YES;
				GCC_WARN_ABOUT_RETURN_TYPE = YES_ERROR;
				GCC_WARN_UNDECLARED_SELECTOR = YES;
				GCC_WARN_UNINITIALIZED_AUTOS = YES_AGGRESSIVE;
				GCC_WARN_UNUSED_FUNCTION = YES;
				GCC_WARN_UNUSED_VARIABLE = YES;
				MACOSX_DEPLOYMENT_TARGET = 10.15;
				MTL_ENABLE_DEBUG_INFO = NO;
				MTL_FAST_MATH = YES;
				SDKROOT = macosx;
				SWIFT_COMPILATION_MODE = wholemodule;
				SWIFT_OPTIMIZATION_LEVEL = "-O";
			};
			name = Release;
		};
		FDFA70F626013B980018AB79 /* Debug */ = {
			isa = XCBuildConfiguration;
			buildSettings = {
				CODE_SIGN_STYLE = Automatic;
				PRODUCT_NAME = "$(TARGET_NAME)";
				SWIFT_VERSION = 5.0;
			};
			name = Debug;
		};
		FDFA70F726013B980018AB79 /* Release */ = {
			isa = XCBuildConfiguration;
			buildSettings = {
				CODE_SIGN_STYLE = Automatic;
				PRODUCT_NAME = "$(TARGET_NAME)";
				SWIFT_VERSION = 5.0;
			};
			name = Release;
		};
/* End XCBuildConfiguration section */

/* Begin XCConfigurationList section */
		FDFA70E926013B970018AB79 /* Build configuration list for PBXProject "janitor" */ = {
			isa = XCConfigurationList;
			buildConfigurations = (
				FDFA70F326013B980018AB79 /* Debug */,
				FDFA70F426013B980018AB79 /* Release */,
			);
			defaultConfigurationIsVisible = 0;
			defaultConfigurationName = Release;
		};
		FDFA70F526013B980018AB79 /* Build configuration list for PBXNativeTarget "janitor" */ = {
			isa = XCConfigurationList;
			buildConfigurations = (
				FDFA70F626013B980018AB79 /* Debug */,
				FDFA70F726013B980018AB79 /* Release */,
			);
			defaultConfigurationIsVisible = 0;
			defaultConfigurationName = Release;
		};
/* End XCConfigurationList section */
	};
	rootObject = FDFA70E626013B970018AB79 /* Project object */;
}
